Microsoft Visual Studio Solution File, Format Version 12.00
# Visual Studio Version 17
VisualStudioVersion = 17.5.2.0
MinimumVisualStudioVersion = 10.0.40219.1
Project("{FAE04EC0-301F-11D3-BF4B-00C04F79EFBC}") = "ReservaQuartos", "ReservaQuartos.csproj", "{63820226-B431-CCBC-AFD5-0F7984184A1E}"
EndProject
Global
	GlobalSection(SolutionConfigurationPlatforms) = preSolution
		Debug|Any CPU = Debug|Any CPU
		Release|Any CPU = Release|Any CPU
	EndGlobalSection
	GlobalSection(ProjectConfigurationPlatforms) = postSolution
		{63820226-B431-CCBC-AFD5-0F7984184A1E}.Debug|Any CPU.ActiveCfg = Debug|Any CPU
		{63820226-B431-CCBC-AFD5-0F7984184A1E}.Debug|Any CPU.Build.0 = Debug|Any CPU
		{63820226-B431-CCBC-AFD5-0F7984184A1E}.Release|Any CPU.ActiveCfg = Release|Any CPU
		{63820226-B431-CCBC-AFD5-0F7984184A1E}.Release|Any CPU.Build.0 = Release|Any CPU
	EndGlobalSection
	GlobalSection(SolutionProperties) = preSolution
		HideSolutionNode = FALSE
	EndGlobalSection
	GlobalSection(ExtensibilityGlobals) = postSolution
		SolutionGuid = {0677001E-1473-46DE-A31D-0C35917F1BB3}
	EndGlobalSection
EndGlobal
